
Microsoft Visual Studio Solution File, Format Version 12.00
# Visual Studio Version 17
VisualStudioVersion = 17.6.33829.357
MinimumVisualStudioVersion = 10.0.40219.1
Project("{FAE04EC0-301F-11D3-BF4B-00C04F79EFBC}") = "Casgem_DapperProject", "Casgem_DapperProject\Casgem_DapperProject.csproj", "{0B68BB96-44DC-4F66-A6D0-1106893506D3}"
EndProject
Global
	GlobalSection(SolutionConfigurationPlatforms) = preSolution
		Debug|Any CPU = Debug|Any CPU
		Release|Any CPU = Release|Any CPU
	EndGlobalSection
	GlobalSection(ProjectConfigurationPlatforms) = postSolution
		{0B68BB96-44DC-4F66-A6D0-1106893506D3}.Debug|Any CPU.ActiveCfg = Debug|Any CPU
		{0B68BB96-44DC-4F66-A6D0-1106893506D3}.Debug|Any CPU.Build.0 = Debug|Any CPU
		{0B68BB96-44DC-4F66-A6D0-1106893506D3}.Release|Any CPU.ActiveCfg = Release|Any CPU
		{0B68BB96-44DC-4F66-A6D0-1106893506D3}.Release|Any CPU.Build.0 = Release|Any CPU
	EndGlobalSection
	GlobalSection(SolutionProperties) = preSolution
		HideSolutionNode = FALSE
	EndGlobalSection
	GlobalSection(ExtensibilityGlobals) = postSolution
		SolutionGuid = {9BCBCD21-5164-4ED0-9677-E2050AC36798}
	EndGlobalSection
EndGlobal
